
Microsoft Visual Studio Solution File, Format Version 12.00
# Visual Studio Version 16
VisualStudioVersion = 16.0.31313.79
MinimumVisualStudioVersion = 10.0.40219.1
Project("{FAE04EC0-301F-11D3-BF4B-00C04F79EFBC}") = "Satisfactory Editor", "Satisfactory Editor.csproj", "{1C10E47B-F7A6-42AD-B521-CF3540930DC6}"
EndProject
Global
	GlobalSection(SolutionConfigurationPlatforms) = preSolution
		Debug|Any CPU = Debug|Any CPU
		Release|Any CPU = Release|Any CPU
	EndGlobalSection
	GlobalSection(ProjectConfigurationPlatforms) = postSolution
		{1C10E47B-F7A6-42AD-B521-CF3540930DC6}.Debug|Any CPU.ActiveCfg = Debug|Any CPU
		{1C10E47B-F7A6-42AD-B521-CF3540930DC6}.Debug|Any CPU.Build.0 = Debug|Any CPU
		{1C10E47B-F7A6-42AD-B521-CF3540930DC6}.Release|Any CPU.ActiveCfg = Release|Any CPU
		{1C10E47B-F7A6-42AD-B521-CF3540930DC6}.Release|Any CPU.Build.0 = Release|Any CPU
	EndGlobalSection
	GlobalSection(SolutionProperties) = preSolution
		HideSolutionNode = FALSE
	EndGlobalSection
	GlobalSection(ExtensibilityGlobals) = postSolution
		SolutionGuid = {C400EEB5-B4B8-4F48-9BDC-00A4AE713A4C}
	EndGlobalSection
EndGlobal
